
Microsoft Visual Studio Solution File, Format Version 12.00
# Visual Studio Version 17
VisualStudioVersion = 17.11.35222.181
MinimumVisualStudioVersion = 10.0.40219.1
Project("{FAE04EC0-301F-11D3-BF4B-00C04F79EFBC}") = "AvaliacaoMVCValnei.App", "AvaliacaoMVCValnei.App\AvaliacaoMVCValnei.App.csproj", "{68F2DF36-A1A6-48AB-A3D7-C97B9AA6D3B5}"
EndProject
Project("{FAE04EC0-301F-11D3-BF4B-00C04F79EFBC}") = "AvaliacaoMVCValnei.Data", "AvaliacaoMVCValnei.Data\AvaliacaoMVCValnei.Data.csproj", "{40EE1497-5064-4198-9F32-1AE79A17EAF3}"
EndProject
Global
	GlobalSection(SolutionConfigurationPlatforms) = preSolution
		Debug|Any CPU = Debug|Any CPU
		Release|Any CPU = Release|Any CPU
	EndGlobalSection
	GlobalSection(ProjectConfigurationPlatforms) = postSolution
		{68F2DF36-A1A6-48AB-A3D7-C97B9AA6D3B5}.Debug|Any CPU.ActiveCfg = Debug|Any CPU
		{68F2DF36-A1A6-48AB-A3D7-C97B9AA6D3B5}.Debug|Any CPU.Build.0 = Debug|Any CPU
		{68F2DF36-A1A6-48AB-A3D7-C97B9AA6D3B5}.Release|Any CPU.ActiveCfg = Release|Any CPU
		{68F2DF36-A1A6-48AB-A3D7-C97B9AA6D3B5}.Release|Any CPU.Build.0 = Release|Any CPU
		{40EE1497-5064-4198-9F32-1AE79A17EAF3}.Debug|Any CPU.ActiveCfg = Debug|Any CPU
		{40EE1497-5064-4198-9F32-1AE79A17EAF3}.Debug|Any CPU.Build.0 = Debug|Any CPU
		{40EE1497-5064-4198-9F32-1AE79A17EAF3}.Release|Any CPU.ActiveCfg = Release|Any CPU
		{40EE1497-5064-4198-9F32-1AE79A17EAF3}.Release|Any CPU.Build.0 = Release|Any CPU
	EndGlobalSection
	GlobalSection(SolutionProperties) = preSolution
		HideSolutionNode = FALSE
	EndGlobalSection
	GlobalSection(ExtensibilityGlobals) = postSolution
		SolutionGuid = {2E69784A-0CD9-4954-8E02-2706397E70C4}
	EndGlobalSection
EndGlobal
